
Microsoft Visual Studio Solution File, Format Version 12.00
# Visual Studio Version 17
VisualStudioVersion = 17.4.33213.308
MinimumVisualStudioVersion = 10.0.40219.1
Project("{FAE04EC0-301F-11D3-BF4B-00C04F79EFBC}") = "NecronomiconPriority", "NecronomiconPriority.csproj", "{FE5D5C58-20FB-495D-A9FA-F5E4F5E288C4}"
EndProject
Global
	GlobalSection(SolutionConfigurationPlatforms) = preSolution
		Debug|Any CPU = Debug|Any CPU
		Release|Any CPU = Release|Any CPU
	EndGlobalSection
	GlobalSection(ProjectConfigurationPlatforms) = postSolution
		{FE5D5C58-20FB-495D-A9FA-F5E4F5E288C4}.Debug|Any CPU.ActiveCfg = Debug|Any CPU
		{FE5D5C58-20FB-495D-A9FA-F5E4F5E288C4}.Debug|Any CPU.Build.0 = Debug|Any CPU
		{FE5D5C58-20FB-495D-A9FA-F5E4F5E288C4}.Release|Any CPU.ActiveCfg = Release|Any CPU
		{FE5D5C58-20FB-495D-A9FA-F5E4F5E288C4}.Release|Any CPU.Build.0 = Release|Any CPU
	EndGlobalSection
	GlobalSection(SolutionProperties) = preSolution
		HideSolutionNode = FALSE
	EndGlobalSection
	GlobalSection(ExtensibilityGlobals) = postSolution
		SolutionGuid = {C86D650B-DB7D-40D1-9EB1-7E35D3F74AC1}
	EndGlobalSection
EndGlobal
